
Microsoft Visual Studio Solution File, Format Version 12.00
# Visual Studio Version 16
VisualStudioVersion = 16.0.29728.190
MinimumVisualStudioVersion = 10.0.40219.1
Project("{FAE04EC0-301F-11D3-BF4B-00C04F79EFBC}") = "Lab06_2", "Lab06_2\Lab06_2.csproj", "{A61D51AB-E665-46C8-A706-86EB6E184C3D}"
EndProject
Global
	GlobalSection(SolutionConfigurationPlatforms) = preSolution
		Debug|Any CPU = Debug|Any CPU
		Release|Any CPU = Release|Any CPU
	EndGlobalSection
	GlobalSection(ProjectConfigurationPlatforms) = postSolution
		{A61D51AB-E665-46C8-A706-86EB6E184C3D}.Debug|Any CPU.ActiveCfg = Debug|Any CPU
		{A61D51AB-E665-46C8-A706-86EB6E184C3D}.Debug|Any CPU.Build.0 = Debug|Any CPU
		{A61D51AB-E665-46C8-A706-86EB6E184C3D}.Release|Any CPU.ActiveCfg = Release|Any CPU
		{A61D51AB-E665-46C8-A706-86EB6E184C3D}.Release|Any CPU.Build.0 = Release|Any CPU
	EndGlobalSection
	GlobalSection(SolutionProperties) = preSolution
		HideSolutionNode = FALSE
	EndGlobalSection
	GlobalSection(ExtensibilityGlobals) = postSolution
		SolutionGuid = {AC48C49A-988C-4A65-9361-5BE6A1815F20}
	EndGlobalSection
EndGlobal
