
Microsoft Visual Studio Solution File, Format Version 12.00
# Visual Studio Version 16
VisualStudioVersion = 16.0.29728.190
MinimumVisualStudioVersion = 10.0.40219.1
Project("{FAE04EC0-301F-11D3-BF4B-00C04F79EFBC}") = "Lab06_1", "Lab06_1\Lab06_1.csproj", "{442AC96A-5168-4C9F-91A4-DFE03DFBE8A2}"
EndProject
Global
	GlobalSection(SolutionConfigurationPlatforms) = preSolution
		Debug|Any CPU = Debug|Any CPU
		Release|Any CPU = Release|Any CPU
	EndGlobalSection
	GlobalSection(ProjectConfigurationPlatforms) = postSolution
		{442AC96A-5168-4C9F-91A4-DFE03DFBE8A2}.Debug|Any CPU.ActiveCfg = Debug|Any CPU
		{442AC96A-5168-4C9F-91A4-DFE03DFBE8A2}.Debug|Any CPU.Build.0 = Debug|Any CPU
		{442AC96A-5168-4C9F-91A4-DFE03DFBE8A2}.Release|Any CPU.ActiveCfg = Release|Any CPU
		{442AC96A-5168-4C9F-91A4-DFE03DFBE8A2}.Release|Any CPU.Build.0 = Release|Any CPU
	EndGlobalSection
	GlobalSection(SolutionProperties) = preSolution
		HideSolutionNode = FALSE
	EndGlobalSection
	GlobalSection(ExtensibilityGlobals) = postSolution
		SolutionGuid = {1A4DE3CC-D6ED-48FD-9E4F-578B14B1A9D2}
	EndGlobalSection
EndGlobal
